
Microsoft Visual Studio Solution File, Format Version 12.00
# Visual Studio Version 16
VisualStudioVersion = 16.0.31313.79
MinimumVisualStudioVersion = 10.0.40219.1
Project("{FAE04EC0-301F-11D3-BF4B-00C04F79EFBC}") = "SalesWebMvc", "SalesWebMvc\SalesWebMvc.csproj", "{2F8D2492-3446-4A32-BB7D-CBDFA00F4F63}"
EndProject
Global
	GlobalSection(SolutionConfigurationPlatforms) = preSolution
		Debug|Any CPU = Debug|Any CPU
		Release|Any CPU = Release|Any CPU
	EndGlobalSection
	GlobalSection(ProjectConfigurationPlatforms) = postSolution
		{2F8D2492-3446-4A32-BB7D-CBDFA00F4F63}.Debug|Any CPU.ActiveCfg = Debug|Any CPU
		{2F8D2492-3446-4A32-BB7D-CBDFA00F4F63}.Debug|Any CPU.Build.0 = Debug|Any CPU
		{2F8D2492-3446-4A32-BB7D-CBDFA00F4F63}.Release|Any CPU.ActiveCfg = Release|Any CPU
		{2F8D2492-3446-4A32-BB7D-CBDFA00F4F63}.Release|Any CPU.Build.0 = Release|Any CPU
	EndGlobalSection
	GlobalSection(SolutionProperties) = preSolution
		HideSolutionNode = FALSE
	EndGlobalSection
	GlobalSection(ExtensibilityGlobals) = postSolution
		SolutionGuid = {CDAEA051-5A0D-41F8-B8A0-375BF6775CBF}
	EndGlobalSection
EndGlobal
